
Microsoft Visual Studio Solution File, Format Version 12.00
# Visual Studio Version 16
VisualStudioVersion = 16.0.31112.23
MinimumVisualStudioVersion = 10.0.40219.1
Project("{FAE04EC0-301F-11D3-BF4B-00C04F79EFBC}") = "CasoEstudioUnidad2", "CasoEstudioUnidad2\CasoEstudioUnidad2.csproj", "{47DF324C-EAAB-4AC8-9966-7714F9B8DA6C}"
EndProject
Project("{FAE04EC0-301F-11D3-BF4B-00C04F79EFBC}") = "MedidorModel", "MedidorModel\MedidorModel.csproj", "{A1622A52-388B-4DCE-9906-BFEEF8F8BC09}"
EndProject
Project("{FAE04EC0-301F-11D3-BF4B-00C04F79EFBC}") = "ServidorSocketUtils", "ServidorSocketUtils\ServidorSocketUtils.csproj", "{652A1E09-5EB4-43C4-89AB-9FEA2DA531B5}"
EndProject
Global
	GlobalSection(SolutionConfigurationPlatforms) = preSolution
		Debug|Any CPU = Debug|Any CPU
		Release|Any CPU = Release|Any CPU
	EndGlobalSection
	GlobalSection(ProjectConfigurationPlatforms) = postSolution
		{47DF324C-EAAB-4AC8-9966-7714F9B8DA6C}.Debug|Any CPU.ActiveCfg = Debug|Any CPU
		{47DF324C-EAAB-4AC8-9966-7714F9B8DA6C}.Debug|Any CPU.Build.0 = Debug|Any CPU
		{47DF324C-EAAB-4AC8-9966-7714F9B8DA6C}.Release|Any CPU.ActiveCfg = Release|Any CPU
		{47DF324C-EAAB-4AC8-9966-7714F9B8DA6C}.Release|Any CPU.Build.0 = Release|Any CPU
		{A1622A52-388B-4DCE-9906-BFEEF8F8BC09}.Debug|Any CPU.ActiveCfg = Debug|Any CPU
		{A1622A52-388B-4DCE-9906-BFEEF8F8BC09}.Debug|Any CPU.Build.0 = Debug|Any CPU
		{A1622A52-388B-4DCE-9906-BFEEF8F8BC09}.Release|Any CPU.ActiveCfg = Release|Any CPU
		{A1622A52-388B-4DCE-9906-BFEEF8F8BC09}.Release|Any CPU.Build.0 = Release|Any CPU
		{652A1E09-5EB4-43C4-89AB-9FEA2DA531B5}.Debug|Any CPU.ActiveCfg = Debug|Any CPU
		{652A1E09-5EB4-43C4-89AB-9FEA2DA531B5}.Debug|Any CPU.Build.0 = Debug|Any CPU
		{652A1E09-5EB4-43C4-89AB-9FEA2DA531B5}.Release|Any CPU.ActiveCfg = Release|Any CPU
		{652A1E09-5EB4-43C4-89AB-9FEA2DA531B5}.Release|Any CPU.Build.0 = Release|Any CPU
	EndGlobalSection
	GlobalSection(SolutionProperties) = preSolution
		HideSolutionNode = FALSE
	EndGlobalSection
	GlobalSection(ExtensibilityGlobals) = postSolution
		SolutionGuid = {FF39C710-E45E-46CD-BC4A-FCCA270CF72B}
	EndGlobalSection
EndGlobal
